[root]
name = "almost"
version = "0.1.0"
dependencies = [
 "file_tools 0.1.0",
 "image_hash 0.1.0",
]

[[package]]
name = "core-foundation"
version = "0.2.2"
source = "registry+https://github.com/rust-lang/crates.io-index"
dependencies = [
 "core-foundation-sys 0.2.2 (registry+https://github.com/rust-lang/crates.io-index)",
 "libc 0.2.16 (registry+https://github.com/rust-lang/crates.io-index)",
]

[[package]]
name = "core-foundation-sys"
version = "0.2.2"
source = "registry+https://github.com/rust-lang/crates.io-index"
dependencies = [
 "libc 0.2.16 (registry+https://github.com/rust-lang/crates.io-index)",
]

[[package]]
name = "core-graphics"
version = "0.4.1"
source = "registry+https://github.com/rust-lang/crates.io-index"
dependencies = [
 "core-foundation 0.2.2 (registry+https://github.com/rust-lang/crates.io-index)",
 "libc 0.2.16 (registry+https://github.com/rust-lang/crates.io-index)",
 "serde 0.8.9 (registry+https://github.com/rust-lang/crates.io-index)",
]

[[package]]
name = "file_tools"
version = "0.1.0"

[[package]]
name = "image_hash"
version = "0.1.0"
dependencies = [
 "core-foundation 0.2.2 (registry+https://github.com/rust-lang/crates.io-index)",
 "core-foundation-sys 0.2.2 (registry+https://github.com/rust-lang/crates.io-index)",
 "core-graphics 0.4.1 (registry+https://github.com/rust-lang/crates.io-index)",
 "libc 0.2.16 (registry+https://github.com/rust-lang/crates.io-index)",
]

[[package]]
name = "libc"
version = "0.2.16"
source = "registry+https://github.com/rust-lang/crates.io-index"

[[package]]
name = "serde"
version = "0.8.9"
source = "registry+https://github.com/rust-lang/crates.io-index"

